// !$*UTF8*$!
{
	archiveVersion = 1;
	classes = {
	};
	objectVersion = 56;
	objects = {

/* Begin PBXBuildFile section */
		8D8B329429B1E7E900DD3D35 /* SwiftUI_TutorialsApp.swift in Sources */ = {isa = PBXBuildFile; fileRef = 8D8B329329B1E7E900DD3D35 /* SwiftUI_TutorialsApp.swift */; };
		8D8B329629B1E7E900DD3D35 /* ContentView.swift in Sources */ = {isa = PBXBuildFile; fileRef = 8D8B329529B1E7E900DD3D35 /* ContentView.swift */; };
		8D8B329829B1E7EC00DD3D35 /* Assets.xcassets in Resources */ = {isa = PBXBuildFile; fileRef = 8D8B329729B1E7EC00DD3D35 /* Assets.xcassets */; };
		8D8B329B29B1E7EC00DD3D35 /* Preview Assets.xcassets in Resources */ = {isa = PBXBuildFile; fileRef = 8D8B329A29B1E7EC00DD3D35 /* Preview Assets.xcassets */; };
		8DA68C6129B1F42200DD52CC /* Picture.swift in Sources */ = {isa = PBXBuildFile; fileRef = 8DA68C6029B1F42200DD52CC /* Picture.swift */; };
		8DA68C6329B1FA8A00DD52CC /* MapView.swift in Sources */ = {isa = PBXBuildFile; fileRef = 8DA68C6229B1FA8A00DD52CC /* MapView.swift */; };
		8DA7C9D72A34EABD005B8022 /* Landmark.swift in Sources */ = {isa = PBXBuildFile; fileRef = 8DA7C9D62A34EABD005B8022 /* Landmark.swift */; };
		8DA7C9D92A34ED4C005B8022 /* ModelData.swift in Sources */ = {isa = PBXBuildFile; fileRef = 8DA7C9D82A34ED4C005B8022 /* ModelData.swift */; };
		8DA7C9DD2A34F1F7005B8022 /* landmarkData.json in Resources */ = {isa = PBXBuildFile; fileRef = 8DA7C9DC2A34F1F7005B8022 /* landmarkData.json */; };
		8DA7C9E02A34F29F005B8022 /* LandmarkRow.swift in Sources */ = {isa = PBXBuildFile; fileRef = 8DA7C9DF2A34F29F005B8022 /* LandmarkRow.swift */; };
		8DA7C9E22A35BFD7005B8022 /* LandmarkList.swift in Sources */ = {isa = PBXBuildFile; fileRef = 8DA7C9E12A35BFD7005B8022 /* LandmarkList.swift */; };
		8DA7C9E42A35DED2005B8022 /* LandmarkDetail.swift in Sources */ = {isa = PBXBuildFile; fileRef = 8DA7C9E32A35DED2005B8022 /* LandmarkDetail.swift */; };
		8DA7C9E62A36F9CB005B8022 /* FavoriteButton.swift in Sources */ = {isa = PBXBuildFile; fileRef = 8DA7C9E52A36F9CB005B8022 /* FavoriteButton.swift */; };
		8DA7C9EA2A371AD4005B8022 /* HexagonParameters.swift in Sources */ = {isa = PBXBuildFile; fileRef = 8DA7C9E92A371AD4005B8022 /* HexagonParameters.swift */; };
		8DA7C9EC2A372D69005B8022 /* BadgeBackground.swift in Sources */ = {isa = PBXBuildFile; fileRef = 8DA7C9EB2A372D69005B8022 /* BadgeBackground.swift */; };
		8DF69F652A8652F000608181 /* BadgeSymbol.swift in Sources */ = {isa = PBXBuildFile; fileRef = 8DF69F642A8652F000608181 /* BadgeSymbol.swift */; };
		8DF69F672A86554900608181 /* RotatedBadgeSymbol.swift in Sources */ = {isa = PBXBuildFile; fileRef = 8DF69F662A86554900608181 /* RotatedBadgeSymbol.swift */; };
		8DF69F692A8655D600608181 /* Badge.swift in Sources */ = {isa = PBXBuildFile; fileRef = 8DF69F682A8655D600608181 /* Badge.swift */; };
		8DF69F9B2A867ABC00608181 /* hikeData.json in Resources */ = {isa = PBXBuildFile; fileRef = 8DF69F9A2A867ABC00608181 /* hikeData.json */; };
		8DF69F9D2A867ADD00608181 /* Hike.swift in Sources */ = {isa = PBXBuildFile; fileRef = 8DF69F9C2A867ADD00608181 /* Hike.swift */; };
		8DF69FAE2A867EF700608181 /* HikeView.swift in Sources */ = {isa = PBXBuildFile; fileRef = 8DF69FAD2A867EF700608181 /* HikeView.swift */; };
		8DF69FB02A867F6C00608181 /* HikeGraph.swift in Sources */ = {isa = PBXBuildFile; fileRef = 8DF69FAF2A867F6C00608181 /* HikeGraph.swift */; };
		8DF69FB22A867F7400608181 /* GraphCapsule.swift in Sources */ = {isa = PBXBuildFile; fileRef = 8DF69FB12A867F7400608181 /* GraphCapsule.swift */; };
		8DF69FB42A867F7A00608181 /* HikeDetail.swift in Sources */ = {isa = PBXBuildFile; fileRef = 8DF69FB32A867F7A00608181 /* HikeDetail.swift */; };
/* End PBXBuildFile section */

/* Begin PBXFileReference section */
		8D8B329029B1E7E900DD3D35 /* SwiftUI Tutorials.app */ = {isa = PBXFileReference; explicitFileType = wrapper.application; includeInIndex = 0; path = "SwiftUI Tutorials.app"; sourceTree = BUILT_PRODUCTS_DIR; };
		8D8B329329B1E7E900DD3D35 /* SwiftUI_TutorialsApp.swift */ = {isa = PBXFileReference; lastKnownFileType = sourcecode.swift; path = SwiftUI_TutorialsApp.swift; sourceTree = "<group>"; };
		8D8B329529B1E7E900DD3D35 /* ContentView.swift */ = {isa = PBXFileReference; lastKnownFileType = sourcecode.swift; path = ContentView.swift; sourceTree = "<group>"; };
		8D8B329729B1E7EC00DD3D35 /* Assets.xcassets */ = {isa = PBXFileReference; lastKnownFileType = folder.assetcatalog; path = Assets.xcassets; sourceTree = "<group>"; };
		8D8B329A29B1E7EC00DD3D35 /* Preview Assets.xcassets */ = {isa = PBXFileReference; lastKnownFileType = folder.assetcatalog; path = "Preview Assets.xcassets"; sourceTree = "<group>"; };
		8DA68C6029B1F42200DD52CC /* Picture.swift */ = {isa = PBXFileReference; lastKnownFileType = sourcecode.swift; path = Picture.swift; sourceTree = "<group>"; };
		8DA68C6229B1FA8A00DD52CC /* MapView.swift */ = {isa = PBXFileReference; lastKnownFileType = sourcecode.swift; path = MapView.swift; sourceTree = "<group>"; };
		8DA7C9D62A34EABD005B8022 /* Landmark.swift */ = {isa = PBXFileReference; lastKnownFileType = sourcecode.swift; path = Landmark.swift; sourceTree = "<group>"; };
		8DA7C9D82A34ED4C005B8022 /* ModelData.swift */ = {isa = PBXFileReference; lastKnownFileType = sourcecode.swift; path = ModelData.swift; sourceTree = "<group>"; };
		8DA7C9DC2A34F1F7005B8022 /* landmarkData.json */ = {isa = PBXFileReference; fileEncoding = 4; lastKnownFileType = text.json; path = landmarkData.json; sourceTree = "<group>"; };
		8DA7C9DF2A34F29F005B8022 /* LandmarkRow.swift */ = {isa = PBXFileReference; lastKnownFileType = sourcecode.swift; path = LandmarkRow.swift; sourceTree = "<group>"; };
		8DA7C9E12A35BFD7005B8022 /* LandmarkList.swift */ = {isa = PBXFileReference; lastKnownFileType = sourcecode.swift; path = LandmarkList.swift; sourceTree = "<group>"; };
		8DA7C9E32A35DED2005B8022 /* LandmarkDetail.swift */ = {isa = PBXFileReference; lastKnownFileType = sourcecode.swift; path = LandmarkDetail.swift; sourceTree = "<group>"; };
		8DA7C9E52A36F9CB005B8022 /* FavoriteButton.swift */ = {isa = PBXFileReference; lastKnownFileType = sourcecode.swift; path = FavoriteButton.swift; sourceTree = "<group>"; };
		8DA7C9E92A371AD4005B8022 /* HexagonParameters.swift */ = {isa = PBXFileReference; lastKnownFileType = sourcecode.swift; path = HexagonParameters.swift; sourceTree = "<group>"; };
		8DA7C9EB2A372D69005B8022 /* BadgeBackground.swift */ = {isa = PBXFileReference; lastKnownFileType = sourcecode.swift; path = BadgeBackground.swift; sourceTree = "<group>"; };
		8DF69F642A8652F000608181 /* BadgeSymbol.swift */ = {isa = PBXFileReference; lastKnownFileType = sourcecode.swift; path = BadgeSymbol.swift; sourceTree = "<group>"; };
		8DF69F662A86554900608181 /* RotatedBadgeSymbol.swift */ = {isa = PBXFileReference; lastKnownFileType = sourcecode.swift; path = RotatedBadgeSymbol.swift; sourceTree = "<group>"; };
		8DF69F682A8655D600608181 /* Badge.swift */ = {isa = PBXFileReference; lastKnownFileType = sourcecode.swift; path = Badge.swift; sourceTree = "<group>"; };
		8DF69F9A2A867ABC00608181 /* hikeData.json */ = {isa = PBXFileReference; fileEncoding = 4; lastKnownFileType = text.json; path = hikeData.json; sourceTree = "<group>"; };
		8DF69F9C2A867ADD00608181 /* Hike.swift */ = {isa = PBXFileReference; lastKnownFileType = sourcecode.swift; path = Hike.swift; sourceTree = "<group>"; };
		8DF69FAD2A867EF700608181 /* HikeView.swift */ = {isa = PBXFileReference; lastKnownFileType = sourcecode.swift; path = HikeView.swift; sourceTree = "<group>"; };
		8DF69FAF2A867F6C00608181 /* HikeGraph.swift */ = {isa = PBXFileReference; fileEncoding = 4; lastKnownFileType = sourcecode.swift; path = HikeGraph.swift; sourceTree = "<group>"; };
		8DF69FB12A867F7400608181 /* GraphCapsule.swift */ = {isa = PBXFileReference; fileEncoding = 4; lastKnownFileType = sourcecode.swift; path = GraphCapsule.swift; sourceTree = "<group>"; };
		8DF69FB32A867F7A00608181 /* HikeDetail.swift */ = {isa = PBXFileReference; fileEncoding = 4; lastKnownFileType = sourcecode.swift; path = HikeDetail.swift; sourceTree = "<group>"; };
/* End PBXFileReference section */

/* Begin PBXFrameworksBuildPhase section */
		8D8B328D29B1E7E900DD3D35 /* Frameworks */ = {
			isa = PBXFrameworksBuildPhase;
			buildActionMask = 2147483647;
			files = (
			);
			runOnlyForDeploymentPostprocessing = 0;
		};
/* End PBXFrameworksBuildPhase section */

/* Begin PBXGroup section */
		8D8B328729B1E7E800DD3D35 = {
			isa = PBXGroup;
			children = (
				8D8B329229B1E7E900DD3D35 /* SwiftUI Tutorials */,
				8D8B329129B1E7E900DD3D35 /* Products */,
			);
			sourceTree = "<group>";
		};
		8D8B329129B1E7E900DD3D35 /* Products */ = {
			isa = PBXGroup;
			children = (
				8D8B329029B1E7E900DD3D35 /* SwiftUI Tutorials.app */,
			);
			name = Products;
			sourceTree = "<group>";
		};
		8D8B329229B1E7E900DD3D35 /* SwiftUI Tutorials */ = {
			isa = PBXGroup;
			children = (
				8DA7C9DE2A34F23C005B8022 /* Resources */,
				8DA7C9DB2A34F0E0005B8022 /* Views */,
				8DA7C9DA2A34F0A8005B8022 /* Model */,
				8D8B329329B1E7E900DD3D35 /* SwiftUI_TutorialsApp.swift */,
				8D8B329729B1E7EC00DD3D35 /* Assets.xcassets */,
				8D8B329929B1E7EC00DD3D35 /* Preview Content */,
			);
			path = "SwiftUI Tutorials";
			sourceTree = "<group>";
		};
		8D8B329929B1E7EC00DD3D35 /* Preview Content */ = {
			isa = PBXGroup;
			children = (
				8D8B329A29B1E7EC00DD3D35 /* Preview Assets.xcassets */,
			);
			path = "Preview Content";
			sourceTree = "<group>";
		};
		8DA7C9DA2A34F0A8005B8022 /* Model */ = {
			isa = PBXGroup;
			children = (
				8DA7C9D62A34EABD005B8022 /* Landmark.swift */,
				8DA7C9D82A34ED4C005B8022 /* ModelData.swift */,
			);
			path = Model;
			sourceTree = "<group>";
		};
		8DA7C9DB2A34F0E0005B8022 /* Views */ = {
			isa = PBXGroup;
			children = (
				8DF69F9F2A867D9900608181 /* Hikes */,
				8DA7C9E82A36FBD1005B8022 /* Helpers */,
				8DA7C9E72A36FBB2005B8022 /* Landmarks */,
				8D8B329529B1E7E900DD3D35 /* ContentView.swift */,
			);
			path = Views;
			sourceTree = "<group>";
		};
		8DA7C9DE2A34F23C005B8022 /* Resources */ = {
			isa = PBXGroup;
			children = (
				8DA7C9DC2A34F1F7005B8022 /* landmarkData.json */,
				8DF69F9A2A867ABC00608181 /* hikeData.json */,
			);
			path = Resources;
			sourceTree = "<group>";
		};
		8DA7C9E72A36FBB2005B8022 /* Landmarks */ = {
			isa = PBXGroup;
			children = (
				8DA7C9DF2A34F29F005B8022 /* LandmarkRow.swift */,
				8DA7C9E12A35BFD7005B8022 /* LandmarkList.swift */,
				8DA7C9E32A35DED2005B8022 /* LandmarkDetail.swift */,
			);
			path = Landmarks;
			sourceTree = "<group>";
		};
		8DA7C9E82A36FBD1005B8022 /* Helpers */ = {
			isa = PBXGroup;
			children = (
				8DA68C6029B1F42200DD52CC /* Picture.swift */,
				8DA7C9E52A36F9CB005B8022 /* FavoriteButton.swift */,
				8DA68C6229B1FA8A00DD52CC /* MapView.swift */,
				8DA7C9E92A371AD4005B8022 /* HexagonParameters.swift */,
				8DA7C9EB2A372D69005B8022 /* BadgeBackground.swift */,
				8DF69F642A8652F000608181 /* BadgeSymbol.swift */,
				8DF69F662A86554900608181 /* RotatedBadgeSymbol.swift */,
				8DF69F682A8655D600608181 /* Badge.swift */,
				8DF69F9C2A867ADD00608181 /* Hike.swift */,
			);
			path = Helpers;
			sourceTree = "<group>";
		};
		8DF69F9F2A867D9900608181 /* Hikes */ = {
			isa = PBXGroup;
			children = (
				8DF69FAD2A867EF700608181 /* HikeView.swift */,
				8DF69FB32A867F7A00608181 /* HikeDetail.swift */,
				8DF69FB12A867F7400608181 /* GraphCapsule.swift */,
				8DF69FAF2A867F6C00608181 /* HikeGraph.swift */,
			);
			path = Hikes;
			sourceTree = "<group>";
		};
/* End PBXGroup section */

/* Begin PBXNativeTarget section */
		8D8B328F29B1E7E900DD3D35 /* SwiftUI Tutorials */ = {
			isa = PBXNativeTarget;
			buildConfigurationList = 8D8B329E29B1E7EC00DD3D35 /* Build configuration list for PBXNativeTarget "SwiftUI Tutorials" */;
			buildPhases = (
				8D8B328C29B1E7E900DD3D35 /* Sources */,
				8D8B328D29B1E7E900DD3D35 /* Frameworks */,
				8D8B328E29B1E7E900DD3D35 /* Resources */,
			);
			buildRules = (
			);
			dependencies = (
			);
			name = "SwiftUI Tutorials";
			productName = "SwiftUI Tutorials";
			productReference = 8D8B329029B1E7E900DD3D35 /* SwiftUI Tutorials.app */;
			productType = "com.apple.product-type.application";
		};
/* End PBXNativeTarget section */

/* Begin PBXProject section */
		8D8B328829B1E7E900DD3D35 /* Project object */ = {
			isa = PBXProject;
			attributes = {
				BuildIndependentTargetsInParallel = 1;
				LastSwiftUpdateCheck = 1410;
				LastUpgradeCheck = 1410;
				TargetAttributes = {
					8D8B328F29B1E7E900DD3D35 = {
						CreatedOnToolsVersion = 14.1;
					};
				};
			};
			buildConfigurationList = 8D8B328B29B1E7E900DD3D35 /* Build configuration list for PBXProject "SwiftUI Tutorials" */;
			compatibilityVersion = "Xcode 14.0";
			developmentRegion = en;
			hasScannedForEncodings = 0;
			knownRegions = (
				en,
				Base,
			);
			mainGroup = 8D8B328729B1E7E800DD3D35;
			productRefGroup = 8D8B329129B1E7E900DD3D35 /* Products */;
			projectDirPath = "";
			projectRoot = "";
			targets = (
				8D8B328F29B1E7E900DD3D35 /* SwiftUI Tutorials */,
			);
		};
/* End PBXProject section */

/* Begin PBXResourcesBuildPhase section */
		8D8B328E29B1E7E900DD3D35 /* Resources */ = {
			isa = PBXResourcesBuildPhase;
			buildActionMask = 2147483647;
			files = (
				8DF69F9B2A867ABC00608181 /* hikeData.json in Resources */,
				8D8B329B29B1E7EC00DD3D35 /* Preview Assets.xcassets in Resources */,
				8D8B329829B1E7EC00DD3D35 /* Assets.xcassets in Resources */,
				8DA7C9DD2A34F1F7005B8022 /* landmarkData.json in Resources */,
			);
			runOnlyForDeploymentPostprocessing = 0;
		};
/* End PBXResourcesBuildPhase section */

/* Begin PBXSourcesBuildPhase section */
		8D8B328C29B1E7E900DD3D35 /* Sources */ = {
			isa = PBXSourcesBuildPhase;
			buildActionMask = 2147483647;
			files = (
				8DA7C9EC2A372D69005B8022 /* BadgeBackground.swift in Sources */,
				8DF69FB02A867F6C00608181 /* HikeGraph.swift in Sources */,
				8DF69F692A8655D600608181 /* Badge.swift in Sources */,
				8DA68C6129B1F42200DD52CC /* Picture.swift in Sources */,
				8DA68C6329B1FA8A00DD52CC /* MapView.swift in Sources */,
				8DF69F672A86554900608181 /* RotatedBadgeSymbol.swift in Sources */,
				8DF69FAE2A867EF700608181 /* HikeView.swift in Sources */,
				8D8B329629B1E7E900DD3D35 /* ContentView.swift in Sources */,
				8DF69F9D2A867ADD00608181 /* Hike.swift in Sources */,
				8DA7C9EA2A371AD4005B8022 /* HexagonParameters.swift in Sources */,
				8DF69F652A8652F000608181 /* BadgeSymbol.swift in Sources */,
				8DA7C9E62A36F9CB005B8022 /* FavoriteButton.swift in Sources */,
				8DA7C9E22A35BFD7005B8022 /* LandmarkList.swift in Sources */,
				8DA7C9E42A35DED2005B8022 /* LandmarkDetail.swift in Sources */,
				8D8B329429B1E7E900DD3D35 /* SwiftUI_TutorialsApp.swift in Sources */,
				8DA7C9D72A34EABD005B8022 /* Landmark.swift in Sources */,
				8DA7C9E02A34F29F005B8022 /* LandmarkRow.swift in Sources */,
				8DF69FB22A867F7400608181 /* GraphCapsule.swift in Sources */,
				8DA7C9D92A34ED4C005B8022 /* ModelData.swift in Sources */,
				8DF69FB42A867F7A00608181 /* HikeDetail.swift in Sources */,
			);
			runOnlyForDeploymentPostprocessing = 0;
		};
/* End PBXSourcesBuildPhase section */

/* Begin XCBuildConfiguration section */
		8D8B329C29B1E7EC00DD3D35 /* Debug */ = {
			isa = XCBuildConfiguration;
			buildSettings = {
				ALWAYS_SEARCH_USER_PATHS = NO;
				CLANG_ANALYZER_NONNULL = YES;
				CLANG_ANALYZER_NUMBER_OBJECT_CONVERSION = YES_AGGRESSIVE;
				CLANG_CXX_LANGUAGE_STANDARD = "gnu++20";
				CLANG_ENABLE_MODULES = YES;
				CLANG_ENABLE_OBJC_ARC = YES;
				CLANG_ENABLE_OBJC_WEAK = YES;
				CLANG_WARN_BLOCK_CAPTURE_AUTORELEASING = YES;
				CLANG_WARN_BOOL_CONVERSION = YES;
				CLANG_WARN_COMMA = YES;
				CLANG_WARN_CONSTANT_CONVERSION = YES;
				CLANG_WARN_DEPRECATED_OBJC_IMPLEMENTATIONS = YES;
				CLANG_WARN_DIRECT_OBJC_ISA_USAGE = YES_ERROR;
				CLANG_WARN_DOCUMENTATION_COMMENTS = YES;
				CLANG_WARN_EMPTY_BODY = YES;
				CLANG_WARN_ENUM_CONVERSION = YES;
				CLANG_WARN_INFINITE_RECURSION = YES;
				CLANG_WARN_INT_CONVERSION = YES;
				CLANG_WARN_NON_LITERAL_NULL_CONVERSION = YES;
				CLANG_WARN_OBJC_IMPLICIT_RETAIN_SELF = YES;
				CLANG_WARN_OBJC_LITERAL_CONVERSION = YES;
				CLANG_WARN_OBJC_ROOT_CLASS = YES_ERROR;
				CLANG_WARN_QUOTED_INCLUDE_IN_FRAMEWORK_HEADER = YES;
				CLANG_WARN_RANGE_LOOP_ANALYSIS = YES;
				CLANG_WARN_STRICT_PROTOTYPES = YES;
				CLANG_WARN_SUSPICIOUS_MOVE = YES;
				CLANG_WARN_UNGUARDED_AVAILABILITY = YES_AGGRESSIVE;
				CLANG_WARN_UNREACHABLE_CODE = YES;
				CLANG_WARN__DUPLICATE_METHOD_MATCH = YES;
				COPY_PHASE_STRIP = NO;
				DEBUG_INFORMATION_FORMAT = dwarf;
				ENABLE_STRICT_OBJC_MSGSEND = YES;
				ENABLE_TESTABILITY = YES;
				GCC_C_LANGUAGE_STANDARD = gnu11;
				GCC_DYNAMIC_NO_PIC = NO;
				GCC_NO_COMMON_BLOCKS = YES;
				GCC_OPTIMIZATION_LEVEL = 0;
				GCC_PREPROCESSOR_DEFINITIONS = (
					"DEBUG=1",
					"$(inherited)",
				);
				GCC_WARN_64_TO_32_BIT_CONVERSION = YES;
				GCC_WARN_ABOUT_RETURN_TYPE = YES_ERROR;
				GCC_WARN_UNDECLARED_SELECTOR = YES;
				GCC_WARN_UNINITIALIZED_AUTOS = YES_AGGRESSIVE;
				GCC_WARN_UNUSED_FUNCTION = YES;
				GCC_WARN_UNUSED_VARIABLE = YES;
				IPHONEOS_DEPLOYMENT_TARGET = 16.1;
				MTL_ENABLE_DEBUG_INFO = INCLUDE_SOURCE;
				MTL_FAST_MATH = YES;
				ONLY_ACTIVE_ARCH = YES;
				SDKROOT = iphoneos;
				SWIFT_ACTIVE_COMPILATION_CONDITIONS = DEBUG;
				SWIFT_OPTIMIZATION_LEVEL = "-Onone";
			};
			name = Debug;
		};
		8D8B329D29B1E7EC00DD3D35 /* Release */ = {
			isa = XCBuildConfiguration;
			buildSettings = {
				ALWAYS_SEARCH_USER_PATHS = NO;
				CLANG_ANALYZER_NONNULL = YES;
				CLANG_ANALYZER_NUMBER_OBJECT_CONVERSION = YES_AGGRESSIVE;
				CLANG_CXX_LANGUAGE_STANDARD = "gnu++20";
				CLANG_ENABLE_MODULES = YES;
				CLANG_ENABLE_OBJC_ARC = YES;
				CLANG_ENABLE_OBJC_WEAK = YES;
				CLANG_WARN_BLOCK_CAPTURE_AUTORELEASING = YES;
				CLANG_WARN_BOOL_CONVERSION = YES;
				CLANG_WARN_COMMA = YES;
				CLANG_WARN_CONSTANT_CONVERSION = YES;
				CLANG_WARN_DEPRECATED_OBJC_IMPLEMENTATIONS = YES;
				CLANG_WARN_DIRECT_OBJC_ISA_USAGE = YES_ERROR;
				CLANG_WARN_DOCUMENTATION_COMMENTS = YES;
				CLANG_WARN_EMPTY_BODY = YES;
				CLANG_WARN_ENUM_CONVERSION = YES;
				CLANG_WARN_INFINITE_RECURSION = YES;
				CLANG_WARN_INT_CONVERSION = YES;
				CLANG_WARN_NON_LITERAL_NULL_CONVERSION = YES;
				CLANG_WARN_OBJC_IMPLICIT_RETAIN_SELF = YES;
				CLANG_WARN_OBJC_LITERAL_CONVERSION = YES;
				CLANG_WARN_OBJC_ROOT_CLASS = YES_ERROR;
				CLANG_WARN_QUOTED_INCLUDE_IN_FRAMEWORK_HEADER = YES;
				CLANG_WARN_RANGE_LOOP_ANALYSIS = YES;
				CLANG_WARN_STRICT_PROTOTYPES = YES;
				CLANG_WARN_SUSPICIOUS_MOVE = YES;
				CLANG_WARN_UNGUARDED_AVAILABILITY = YES_AGGRESSIVE;
				CLANG_WARN_UNREACHABLE_CODE = YES;
				CLANG_WARN__DUPLICATE_METHOD_MATCH = YES;
				COPY_PHASE_STRIP = NO;
				DEBUG_INFORMATION_FORMAT = "dwarf-with-dsym";
				ENABLE_NS_ASSERTIONS = NO;
				ENABLE_STRICT_OBJC_MSGSEND = YES;
				GCC_C_LANGUAGE_STANDARD = gnu11;
				GCC_NO_COMMON_BLOCKS = YES;
				GCC_WARN_64_TO_32_BIT_CONVERSION = YES;
				GCC_WARN_ABOUT_RETURN_TYPE = YES_ERROR;
				GCC_WARN_UNDECLARED_SELECTOR = YES;
				GCC_WARN_UNINITIALIZED_AUTOS = YES_AGGRESSIVE;
				GCC_WARN_UNUSED_FUNCTION = YES;
				GCC_WARN_UNUSED_VARIABLE = YES;
				IPHONEOS_DEPLOYMENT_TARGET = 16.1;
				MTL_ENABLE_DEBUG_INFO = NO;
				MTL_FAST_MATH = YES;
				SDKROOT = iphoneos;
				SWIFT_COMPILATION_MODE = wholemodule;
				SWIFT_OPTIMIZATION_LEVEL = "-O";
				VALIDATE_PRODUCT = YES;
			};
			name = Release;
		};
		8D8B329F29B1E7EC00DD3D35 /* Debug */ = {
			isa = XCBuildConfiguration;
			buildSettings = {
				ASSETCATALOG_COMPILER_APPICON_NAME = AppIcon;
				ASSETCATALOG_COMPILER_GLOBAL_ACCENT_COLOR_NAME = AccentColor;
				CODE_SIGN_STYLE = Automatic;
				CURRENT_PROJECT_VERSION = 1;
				DEVELOPMENT_ASSET_PATHS = "\"SwiftUI Tutorials/Preview Content\"";
				DEVELOPMENT_TEAM = 3VL3B8WDHX;
				ENABLE_PREVIEWS = YES;
				GENERATE_INFOPLIST_FILE = YES;
				INFOPLIST_KEY_UIApplicationSceneManifest_Generation = YES;
				INFOPLIST_KEY_UIApplicationSupportsIndirectInputEvents = YES;
				INFOPLIST_KEY_UILaunchScreen_Generation = YES;
				INFOPLIST_KEY_UISupportedInterfaceOrientations_iPad = "UIInterfaceOrientationPortrait UIInterfaceOrientationPortraitUpsideDown UIInterfaceOrientationLandscapeLeft UIInterfaceOrientationLandscapeRight";
				INFOPLIST_KEY_UISupportedInterfaceOrientations_iPhone = "UIInterfaceOrientationPortrait UIInterfaceOrientationLandscapeLeft UIInterfaceOrientationLandscapeRight";
				LD_RUNPATH_SEARCH_PATHS = (
					"$(inherited)",
					"@executable_path/Frameworks",
				);
				MARKETING_VERSION = 1.0;
				PRODUCT_BUNDLE_IDENTIFIER = "Avenga.SwiftUI-Tutorials";
				PRODUCT_NAME = "$(TARGET_NAME)";
				SWIFT_EMIT_LOC_STRINGS = YES;
				SWIFT_VERSION = 5.0;
				TARGETED_DEVICE_FAMILY = "1,2";
			};
			name = Debug;
		};
		8D8B32A029B1E7EC00DD3D35 /* Release */ = {
			isa = XCBuildConfiguration;
			buildSettings = {
				ASSETCATALOG_COMPILER_APPICON_NAME = AppIcon;
				ASSETCATALOG_COMPILER_GLOBAL_ACCENT_COLOR_NAME = AccentColor;
				CODE_SIGN_STYLE = Automatic;
				CURRENT_PROJECT_VERSION = 1;
				DEVELOPMENT_ASSET_PATHS = "\"SwiftUI Tutorials/Preview Content\"";
				DEVELOPMENT_TEAM = 3VL3B8WDHX;
				ENABLE_PREVIEWS = YES;
				GENERATE_INFOPLIST_FILE = YES;
				INFOPLIST_KEY_UIApplicationSceneManifest_Generation = YES;
				INFOPLIST_KEY_UIApplicationSupportsIndirectInputEvents = YES;
				INFOPLIST_KEY_UILaunchScreen_Generation = YES;
				INFOPLIST_KEY_UISupportedInterfaceOrientations_iPad = "UIInterfaceOrientationPortrait UIInterfaceOrientationPortraitUpsideDown UIInterfaceOrientationLandscapeLeft UIInterfaceOrientationLandscapeRight";
				INFOPLIST_KEY_UISupportedInterfaceOrientations_iPhone = "UIInterfaceOrientationPortrait UIInterfaceOrientationLandscapeLeft UIInterfaceOrientationLandscapeRight";
				LD_RUNPATH_SEARCH_PATHS = (
					"$(inherited)",
					"@executable_path/Frameworks",
				);
				MARKETING_VERSION = 1.0;
				PRODUCT_BUNDLE_IDENTIFIER = "Avenga.SwiftUI-Tutorials";
				PRODUCT_NAME = "$(TARGET_NAME)";
				SWIFT_EMIT_LOC_STRINGS = YES;
				SWIFT_VERSION = 5.0;
				TARGETED_DEVICE_FAMILY = "1,2";
			};
			name = Release;
		};
/* End XCBuildConfiguration section */

/* Begin XCConfigurationList section */
		8D8B328B29B1E7E900DD3D35 /* Build configuration list for PBXProject "SwiftUI Tutorials" */ = {
			isa = XCConfigurationList;
			buildConfigurations = (
				8D8B329C29B1E7EC00DD3D35 /* Debug */,
				8D8B329D29B1E7EC00DD3D35 /* Release */,
			);
			defaultConfigurationIsVisible = 0;
			defaultConfigurationName = Release;
		};
		8D8B329E29B1E7EC00DD3D35 /* Build configuration list for PBXNativeTarget "SwiftUI Tutorials" */ = {
			isa = XCConfigurationList;
			buildConfigurations = (
				8D8B329F29B1E7EC00DD3D35 /* Debug */,
				8D8B32A029B1E7EC00DD3D35 /* Release */,
			);
			defaultConfigurationIsVisible = 0;
			defaultConfigurationName = Release;
		};
/* End XCConfigurationList section */
	};
	rootObject = 8D8B328829B1E7E900DD3D35 /* Project object */;
}
